
Microsoft Visual Studio Solution File, Format Version 12.00
# Visual Studio Version 17
VisualStudioVersion = 17.8.34511.84
MinimumVisualStudioVersion = 10.0.40219.1
Project("{9A19103F-16F7-4668-BE54-9A1E7A4F7556}") = "WordBuddy.Gateway", "word-buddy\WordBuddy.Gateway.csproj", "{DF4652E5-1C3F-4DE8-8F50-F1BA5E84ED35}"
EndProject
Project("{9A19103F-16F7-4668-BE54-9A1E7A4F7556}") = "Application", "Microservices\User\Application\Application.csproj", "{F525B261-3398-4A91-898A-8DBFB628FDCC}"
EndProject
Project("{9A19103F-16F7-4668-BE54-9A1E7A4F7556}") = "Presentation", "Microservices\User\Presentation\Presentation.csproj", "{8AAC8ED7-A7F0-48D2-B7E5-F949817A1716}"
EndProject
Project("{9A19103F-16F7-4668-BE54-9A1E7A4F7556}") = "Persistence", "Microservices\User\Persistence\Persistence.csproj", "{207C1970-6A08-4F63-B011-8836351A4CD7}"
EndProject
Project("{9A19103F-16F7-4668-BE54-9A1E7A4F7556}") = "Domain", "Microservices\User\Domain\Domain.csproj", "{8CADB2A7-83B5-4A9A-8A31-F2F591C1F4FC}"
EndProject
Project("{9A19103F-16F7-4668-BE54-9A1E7A4F7556}") = "Infrastructure", "Microservices\User\Infrastructure\Infrastructure.csproj", "{7DD984E1-BB41-4914-9743-EBDCF3C2081D}"
EndProject
Project("{2150E333-8FDC-42A3-9474-1A3956D46DE8}") = "Microservices", "Microservices", "{66E116B5-B636-42DE-B5E8-DCB22FF7BE0B}"
EndProject
Project("{9A19103F-16F7-4668-BE54-9A1E7A4F7556}") = "User.API", "Microservices\User\User.API\User.API.csproj", "{65D7752E-DF27-4613-ACCE-D2A58A49BA0F}"
EndProject
Project("{2150E333-8FDC-42A3-9474-1A3956D46DE8}") = "User", "User", "{872781B9-7C8B-4CCA-A95F-CCD93F6FFD2E}"
EndProject
Project("{2150E333-8FDC-42A3-9474-1A3956D46DE8}") = "Dictionary", "Dictionary", "{82D06F72-437B-4D59-A800-2F2A5BCF803F}"
EndProject
Project("{FAE04EC0-301F-11D3-BF4B-00C04F79EFBC}") = "Domain", "Microservices\Dictionary\Domain\Domain.csproj", "{A237BD76-950D-4CA5-87EA-E8DA57406F2C}"
EndProject
Project("{FAE04EC0-301F-11D3-BF4B-00C04F79EFBC}") = "Infrastructure", "Microservices\Dictionary\Infrastructure\Infrastructure.csproj", "{8C76E886-FC90-4F0A-A5EC-DEF46F315817}"
EndProject
Project("{FAE04EC0-301F-11D3-BF4B-00C04F79EFBC}") = "Persistence", "Microservices\Dictionary\Persistence\Persistence.csproj", "{698C87DE-DDFB-40C5-970A-4AD93691AEC6}"
EndProject
Project("{FAE04EC0-301F-11D3-BF4B-00C04F79EFBC}") = "Presentation", "Microservices\Dictionary\Presentation\Presentation.csproj", "{A8F0F20A-7B72-4BB1-B913-BD6D712D0BAC}"
EndProject
Project("{FAE04EC0-301F-11D3-BF4B-00C04F79EFBC}") = "Dictionary.API", "Microservices\Dictionary\Dictionary.API\Dictionary.API.csproj", "{E8EBBA7E-383C-4AB1-936E-7BABB2905D56}"
EndProject
Project("{FAE04EC0-301F-11D3-BF4B-00C04F79EFBC}") = "Application", "Microservices\Dictionary\Application\Application.csproj", "{CEBC853A-6A99-4B63-A877-22BE0D75E59C}"
EndProject
Global
	GlobalSection(SolutionConfigurationPlatforms) = preSolution
		Debug|Any CPU = Debug|Any CPU
		Release|Any CPU = Release|Any CPU
	EndGlobalSection
	GlobalSection(ProjectConfigurationPlatforms) = postSolution
		{DF4652E5-1C3F-4DE8-8F50-F1BA5E84ED35}.Debug|Any CPU.ActiveCfg = Debug|Any CPU
		{DF4652E5-1C3F-4DE8-8F50-F1BA5E84ED35}.Debug|Any CPU.Build.0 = Debug|Any CPU
		{DF4652E5-1C3F-4DE8-8F50-F1BA5E84ED35}.Release|Any CPU.ActiveCfg = Release|Any CPU
		{DF4652E5-1C3F-4DE8-8F50-F1BA5E84ED35}.Release|Any CPU.Build.0 = Release|Any CPU
		{F525B261-3398-4A91-898A-8DBFB628FDCC}.Debug|Any CPU.ActiveCfg = Debug|Any CPU
		{F525B261-3398-4A91-898A-8DBFB628FDCC}.Debug|Any CPU.Build.0 = Debug|Any CPU
		{F525B261-3398-4A91-898A-8DBFB628FDCC}.Release|Any CPU.ActiveCfg = Release|Any CPU
		{F525B261-3398-4A91-898A-8DBFB628FDCC}.Release|Any CPU.Build.0 = Release|Any CPU
		{8AAC8ED7-A7F0-48D2-B7E5-F949817A1716}.Debug|Any CPU.ActiveCfg = Debug|Any CPU
		{8AAC8ED7-A7F0-48D2-B7E5-F949817A1716}.Debug|Any CPU.Build.0 = Debug|Any CPU
		{8AAC8ED7-A7F0-48D2-B7E5-F949817A1716}.Release|Any CPU.ActiveCfg = Release|Any CPU
		{8AAC8ED7-A7F0-48D2-B7E5-F949817A1716}.Release|Any CPU.Build.0 = Release|Any CPU
		{207C1970-6A08-4F63-B011-8836351A4CD7}.Debug|Any CPU.ActiveCfg = Debug|Any CPU
		{207C1970-6A08-4F63-B011-8836351A4CD7}.Debug|Any CPU.Build.0 = Debug|Any CPU
		{207C1970-6A08-4F63-B011-8836351A4CD7}.Release|Any CPU.ActiveCfg = Release|Any CPU
		{207C1970-6A08-4F63-B011-8836351A4CD7}.Release|Any CPU.Build.0 = Release|Any CPU
		{8CADB2A7-83B5-4A9A-8A31-F2F591C1F4FC}.Debug|Any CPU.ActiveCfg = Debug|Any CPU
		{8CADB2A7-83B5-4A9A-8A31-F2F591C1F4FC}.Debug|Any CPU.Build.0 = Debug|Any CPU
		{8CADB2A7-83B5-4A9A-8A31-F2F591C1F4FC}.Release|Any CPU.ActiveCfg = Release|Any CPU
		{8CADB2A7-83B5-4A9A-8A31-F2F591C1F4FC}.Release|Any CPU.Build.0 = Release|Any CPU
		{7DD984E1-BB41-4914-9743-EBDCF3C2081D}.Debug|Any CPU.ActiveCfg = Debug|Any CPU
		{7DD984E1-BB41-4914-9743-EBDCF3C2081D}.Debug|Any CPU.Build.0 = Debug|Any CPU
		{7DD984E1-BB41-4914-9743-EBDCF3C2081D}.Release|Any CPU.ActiveCfg = Release|Any CPU
		{7DD984E1-BB41-4914-9743-EBDCF3C2081D}.Release|Any CPU.Build.0 = Release|Any CPU
		{65D7752E-DF27-4613-ACCE-D2A58A49BA0F}.Debug|Any CPU.ActiveCfg = Debug|Any CPU
		{65D7752E-DF27-4613-ACCE-D2A58A49BA0F}.Debug|Any CPU.Build.0 = Debug|Any CPU
		{65D7752E-DF27-4613-ACCE-D2A58A49BA0F}.Release|Any CPU.ActiveCfg = Release|Any CPU
		{65D7752E-DF27-4613-ACCE-D2A58A49BA0F}.Release|Any CPU.Build.0 = Release|Any CPU
		{A237BD76-950D-4CA5-87EA-E8DA57406F2C}.Debug|Any CPU.ActiveCfg = Debug|Any CPU
		{A237BD76-950D-4CA5-87EA-E8DA57406F2C}.Debug|Any CPU.Build.0 = Debug|Any CPU
		{A237BD76-950D-4CA5-87EA-E8DA57406F2C}.Release|Any CPU.ActiveCfg = Release|Any CPU
		{A237BD76-950D-4CA5-87EA-E8DA57406F2C}.Release|Any CPU.Build.0 = Release|Any CPU
		{8C76E886-FC90-4F0A-A5EC-DEF46F315817}.Debug|Any CPU.ActiveCfg = Debug|Any CPU
		{8C76E886-FC90-4F0A-A5EC-DEF46F315817}.Debug|Any CPU.Build.0 = Debug|Any CPU
		{8C76E886-FC90-4F0A-A5EC-DEF46F315817}.Release|Any CPU.ActiveCfg = Release|Any CPU
		{8C76E886-FC90-4F0A-A5EC-DEF46F315817}.Release|Any CPU.Build.0 = Release|Any CPU
		{698C87DE-DDFB-40C5-970A-4AD93691AEC6}.Debug|Any CPU.ActiveCfg = Debug|Any CPU
		{698C87DE-DDFB-40C5-970A-4AD93691AEC6}.Debug|Any CPU.Build.0 = Debug|Any CPU
		{698C87DE-DDFB-40C5-970A-4AD93691AEC6}.Release|Any CPU.ActiveCfg = Release|Any CPU
		{698C87DE-DDFB-40C5-970A-4AD93691AEC6}.Release|Any CPU.Build.0 = Release|Any CPU
		{A8F0F20A-7B72-4BB1-B913-BD6D712D0BAC}.Debug|Any CPU.ActiveCfg = Debug|Any CPU
		{A8F0F20A-7B72-4BB1-B913-BD6D712D0BAC}.Debug|Any CPU.Build.0 = Debug|Any CPU
		{A8F0F20A-7B72-4BB1-B913-BD6D712D0BAC}.Release|Any CPU.ActiveCfg = Release|Any CPU
		{A8F0F20A-7B72-4BB1-B913-BD6D712D0BAC}.Release|Any CPU.Build.0 = Release|Any CPU
		{E8EBBA7E-383C-4AB1-936E-7BABB2905D56}.Debug|Any CPU.ActiveCfg = Debug|Any CPU
		{E8EBBA7E-383C-4AB1-936E-7BABB2905D56}.Debug|Any CPU.Build.0 = Debug|Any CPU
		{E8EBBA7E-383C-4AB1-936E-7BABB2905D56}.Release|Any CPU.ActiveCfg = Release|Any CPU
		{E8EBBA7E-383C-4AB1-936E-7BABB2905D56}.Release|Any CPU.Build.0 = Release|Any CPU
		{CEBC853A-6A99-4B63-A877-22BE0D75E59C}.Debug|Any CPU.ActiveCfg = Debug|Any CPU
		{CEBC853A-6A99-4B63-A877-22BE0D75E59C}.Debug|Any CPU.Build.0 = Debug|Any CPU
		{CEBC853A-6A99-4B63-A877-22BE0D75E59C}.Release|Any CPU.ActiveCfg = Release|Any CPU
		{CEBC853A-6A99-4B63-A877-22BE0D75E59C}.Release|Any CPU.Build.0 = Release|Any CPU
	EndGlobalSection
	GlobalSection(SolutionProperties) = preSolution
		HideSolutionNode = FALSE
	EndGlobalSection
	GlobalSection(NestedProjects) = preSolution
		{F525B261-3398-4A91-898A-8DBFB628FDCC} = {872781B9-7C8B-4CCA-A95F-CCD93F6FFD2E}
		{8AAC8ED7-A7F0-48D2-B7E5-F949817A1716} = {872781B9-7C8B-4CCA-A95F-CCD93F6FFD2E}
		{207C1970-6A08-4F63-B011-8836351A4CD7} = {872781B9-7C8B-4CCA-A95F-CCD93F6FFD2E}
		{8CADB2A7-83B5-4A9A-8A31-F2F591C1F4FC} = {872781B9-7C8B-4CCA-A95F-CCD93F6FFD2E}
		{7DD984E1-BB41-4914-9743-EBDCF3C2081D} = {872781B9-7C8B-4CCA-A95F-CCD93F6FFD2E}
		{65D7752E-DF27-4613-ACCE-D2A58A49BA0F} = {872781B9-7C8B-4CCA-A95F-CCD93F6FFD2E}
		{872781B9-7C8B-4CCA-A95F-CCD93F6FFD2E} = {66E116B5-B636-42DE-B5E8-DCB22FF7BE0B}
		{82D06F72-437B-4D59-A800-2F2A5BCF803F} = {66E116B5-B636-42DE-B5E8-DCB22FF7BE0B}
		{A237BD76-950D-4CA5-87EA-E8DA57406F2C} = {82D06F72-437B-4D59-A800-2F2A5BCF803F}
		{8C76E886-FC90-4F0A-A5EC-DEF46F315817} = {82D06F72-437B-4D59-A800-2F2A5BCF803F}
		{698C87DE-DDFB-40C5-970A-4AD93691AEC6} = {82D06F72-437B-4D59-A800-2F2A5BCF803F}
		{A8F0F20A-7B72-4BB1-B913-BD6D712D0BAC} = {82D06F72-437B-4D59-A800-2F2A5BCF803F}
		{E8EBBA7E-383C-4AB1-936E-7BABB2905D56} = {82D06F72-437B-4D59-A800-2F2A5BCF803F}
		{CEBC853A-6A99-4B63-A877-22BE0D75E59C} = {82D06F72-437B-4D59-A800-2F2A5BCF803F}
	EndGlobalSection
	GlobalSection(ExtensibilityGlobals) = postSolution
		SolutionGuid = {DE5336C6-53BD-47BC-AC8F-82D3A35D9F50}
	EndGlobalSection
EndGlobal
